{
  "name": "react-basic",
  "version": "0.1.0",
  "lockfileVersion": 1,
  "requires": true,
  "dependencies": {
    "@babel/code-frame": {
      "version": "7.14.5",
      "resolved": "https://registry.nlark.com/@babel/code-frame/download/@babel/code-frame-7.14.5.tgz",
      "integrity": "sha1-I7CNdA6D9JxeWZRfvxtD6Au/Tts=",
      "requires": {
        "@babel/highlight": "^7.14.5"
      }
    },
    "@babel/generator": {
      "version": "7.14.9",
      "resolved": "https://registry.nlark.com/@babel/generator/download/@babel/generator-7.14.9.tgz",
      "integrity": "sha1-I7GcWX04tPfcLj/kKmnIjZ7PqhY=",
      "dev": true,
      "requires": {
        "@babel/types": "^7.14.9",
        "jsesc": "^2.5.1",
        "source-map": "^0.5.0"
      },
      "dependencies": {
        "source-map": {
          "version": "0.5.7",
          "resolved": "https://registry.npm.taobao.org/source-map/download/source-map-0.5.7.tgz",
          "integrity": "sha1-igOdLRAh0i0eoUyA2OpGi6LvP8w=",
          "dev": true
        }
      }
    },
    "@babel/helper-annotate-as-pure": {
      "version": "7.14.5",
      "resolved": "https://registry.nlark.com/@babel/helper-annotate-as-pure/download/@babel/helper-annotate-as-pure-7.14.5.tgz",
      "integrity": "sha1-e/R47Dtxcm1WqMpXdbBG/CmHnmE=",
      "dev": true,
      "requires": {
        "@babel/types": "^7.14.5"
      }
    },
    "@babel/helper-create-class-features-plugin": {
      "version": "7.14.8",
      "resolved": "https://registry.nlark.com/@babel/helper-create-class-features-plugin/download/@babel/helper-create-class-features-plugin-7.14.8.tgz",
      "integrity": "sha1-pvjD3iCLHlYpQkqaY1Z/VlAZVfw=",
      "dev": true,
      "requires": {
        "@babel/helper-annotate-as-pure": "^7.14.5",
        "@babel/helper-function-name": "^7.14.5",
        "@babel/helper-member-expression-to-functions": "^7.14.7",
        "@babel/helper-optimise-call-expression": "^7.14.5",
        "@babel/helper-replace-supers": "^7.14.5",
        "@babel/helper-split-export-declaration": "^7.14.5"
      }
    },
    "@babel/helper-function-name": {
      "version": "7.14.5",
      "resolved": "https://registry.nlark.com/@babel/helper-function-name/download/@babel/helper-function-name-7.14.5.tgz?cache=0&sync_timestamp=1623280859030&other_urls=https%3A%2F%2Fregistry.nlark.com%2F%40babel%2Fhelper-function-name%2Fdownload%2F%40babel%2Fhelper-function-name-7.14.5.tgz",
      "integrity": "sha1-ieLEdJcvFdjiM7Uu6MSA4s/NUMQ=",
      "dev": true,
      "requires": {
        "@babel/helper-get-function-arity": "^7.14.5",
        "@babel/template": "^7.14.5",
        "@babel/types": "^7.14.5"
      }
    },
    "@babel/helper-get-function-arity": {
      "version": "7.14.5",
      "resolved": "https://registry.nlark.com/@babel/helper-get-function-arity/download/@babel/helper-get-function-arity-7.14.5.tgz",
      "integrity": "sha1-Jfv6V5sJN+7h87gF7OTOOYxDGBU=",
      "dev": true,
      "requires": {
        "@babel/types": "^7.14.5"
      }
    },
    "@babel/helper-hoist-variables": {
      "version": "7.14.5",
      "resolved": "https://registry.nlark.com/@babel/helper-hoist-variables/download/@babel/helper-hoist-variables-7.14.5.tgz?cache=0&sync_timestamp=1623280361512&other_urls=https%3A%2F%2Fregistry.nlark.com%2F%40babel%2Fhelper-hoist-variables%2Fdownload%2F%40babel%2Fhelper-hoist-variables-7.14.5.tgz",
      "integrity": "sha1-4N0nwzp45XfXyIhJFqPn7x98f40=",
      "dev": true,
      "requires": {
        "@babel/types": "^7.14.5"
      }
    },
    "@babel/helper-member-expression-to-functions": {
      "version": "7.14.7",
      "resolved": "https://registry.nlark.com/@babel/helper-member-expression-to-functions/download/@babel/helper-member-expression-to-functions-7.14.7.tgz?cache=0&sync_timestamp=1624312632792&other_urls=https%3A%2F%2Fregistry.nlark.com%2F%40babel%2Fhelper-member-expression-to-functions%2Fdownload%2F%40babel%2Fhelper-member-expression-to-functions-7.14.7.tgz",
      "integrity": "sha1-l+ViRL65QhH+J3vYGOOjKcZveXA=",
      "dev": true,
      "requires": {
        "@babel/types": "^7.14.5"
      }
    },
    "@babel/helper-optimise-call-expression": {
      "version": "7.14.5",
      "resolved": "https://registry.nlark.com/@babel/helper-optimise-call-expression/download/@babel/helper-optimise-call-expression-7.14.5.tgz",
      "integrity": "sha1-8nOVqGGeBmWz8DZM3bQcJdcbSZw=",
      "dev": true,
      "requires": {
        "@babel/types": "^7.14.5"
      }
    },
    "@babel/helper-plugin-utils": {
      "version": "7.14.5",
      "resolved": "https://registry.nlark.com/@babel/helper-plugin-utils/download/@babel/helper-plugin-utils-7.14.5.tgz?cache=0&sync_timestamp=1623280305577&other_urls=https%3A%2F%2Fregistry.nlark.com%2F%40babel%2Fhelper-plugin-utils%2Fdownload%2F%40babel%2Fhelper-plugin-utils-7.14.5.tgz",
      "integrity": "sha1-WsgizpfuxGdBq3ClF5ceRDpwxak=",
      "dev": true
    },
    "@babel/helper-replace-supers": {
      "version": "7.14.5",
      "resolved": "https://registry.nlark.com/@babel/helper-replace-supers/download/@babel/helper-replace-supers-7.14.5.tgz",
      "integrity": "sha1-DswLA8Qc1We0Ak6gFhNMKEFKu5Q=",
      "dev": true,
      "requires": {
        "@babel/helper-member-expression-to-functions": "^7.14.5",
        "@babel/helper-optimise-call-expression": "^7.14.5",
        "@babel/traverse": "^7.14.5",
        "@babel/types": "^7.14.5"
      }
    },
    "@babel/helper-split-export-declaration": {
      "version": "7.14.5",
      "resolved": "https://registry.nlark.com/@babel/helper-split-export-declaration/download/@babel/helper-split-export-declaration-7.14.5.tgz",
      "integrity": "sha1-IrI6VO9RwrdgXYUZMMGXbdC8aTo=",
      "dev": true,
      "requires": {
        "@babel/types": "^7.14.5"
      }
    },
    "@babel/helper-validator-identifier": {
      "version": "7.14.8",
      "resolved": "https://registry.nlark.com/@babel/helper-validator-identifier/download/@babel/helper-validator-identifier-7.14.8.tgz",
      "integrity": "sha1-Mr4zp1bynieKDWRPoIosng+Io0w="
    },
    "@babel/highlight": {
      "version": "7.14.5",
      "resolved": "https://registry.nlark.com/@babel/highlight/download/@babel/highlight-7.14.5.tgz",
      "integrity": "sha1-aGGlLwOWZAUAH2qlNKAaJNmejNk=",
      "requires": {
        "@babel/helper-validator-identifier": "^7.14.5",
        "chalk": "^2.0.0",
        "js-tokens": "^4.0.0"
      },
      "dependencies": {
        "ansi-styles": {
          "version": "3.2.1",
          "resolved": "https://registry.nlark.com/ansi-styles/download/ansi-styles-3.2.1.tgz",
          "integrity": "sha1-QfuyAkPlCxK+DwS43tvwdSDOhB0=",
          "requires": {
            "color-convert": "^1.9.0"
          }
        },
        "chalk": {
          "version": "2.4.2",
          "resolved": "https://registry.nlark.com/chalk/download/chalk-2.4.2.tgz?cache=0&sync_timestamp=1618995367379&other_urls=https%3A%2F%2Fregistry.nlark.com%2Fchalk%2Fdownload%2Fchalk-2.4.2.tgz",
          "integrity": "sha1-zUJUFnelQzPPVBpJEIwUMrRMlCQ=",
          "requires": {
            "ansi-styles": "^3.2.1",
            "escape-string-regexp": "^1.0.5",
            "supports-color": "^5.3.0"
          }
        },
        "color-convert": {
          "version": "1.9.3",
          "resolved": "https://registry.npm.taobao.org/color-convert/download/color-convert-1.9.3.tgz",
          "integrity": "sha1-u3GFBpDh8TZWfeYp0tVHHe2kweg=",
          "requires": {
            "color-name": "1.1.3"
          }
        },
        "color-name": {
          "version": "1.1.3",
          "resolved": "https://registry.npm.taobao.org/color-name/download/color-name-1.1.3.tgz",
          "integrity": "sha1-p9BVi9icQveV3UIyj3QIMcpTvCU="
        },
        "escape-string-regexp": {
          "version": "1.0.5",
          "resolved": "https://registry.npm.taobao.org/escape-string-regexp/download/escape-string-regexp-1.0.5.tgz?cache=0&sync_timestamp=1618677243201&other_urls=https%3A%2F%2Fregistry.npm.taobao.org%2Fescape-string-regexp%2Fdownload%2Fescape-string-regexp-1.0.5.tgz",
          "integrity": "sha1-G2HAViGQqN/2rjuyzwIAyhMLhtQ="
        },
        "supports-color": {
          "version": "5.5.0",
          "resolved": "https://registry.nlark.com/supports-color/download/supports-color-5.5.0.tgz",
          "integrity": "sha1-4uaaRKyHcveKHsCzW2id9lMO/I8=",
          "requires": {
            "has-flag": "^3.0.0"
          }
        }
      }
    },
    "@babel/parser": {
      "version": "7.14.9",
      "resolved": "https://registry.nlark.com/@babel/parser/download/@babel/parser-7.14.9.tgz?cache=0&sync_timestamp=1627804432293&other_urls=https%3A%2F%2Fregistry.nlark.com%2F%40babel%2Fparser%2Fdownload%2F%40babel%2Fparser-7.14.9.tgz",
      "integrity": "sha1-WWwa1nYIBwBY6/jfUMHq9l24laQ=",
      "dev": true
    },
    "@babel/plugin-proposal-decorators": {
      "version": "7.14.5",
      "resolved": "https://registry.nlark.com/@babel/plugin-proposal-decorators/download/@babel/plugin-proposal-decorators-7.14.5.tgz?cache=0&sync_timestamp=1623280416062&other_urls=https%3A%2F%2Fregistry.nlark.com%2F%40babel%2Fplugin-proposal-decorators%2Fdownload%2F%40babel%2Fplugin-proposal-decorators-7.14.5.tgz",
      "integrity": "sha1-WbxN/B1mW1pnSc95j/Qil+0bLB0=",
      "dev": true,
      "requires": {
        "@babel/helper-create-class-features-plugin": "^7.14.5",
        "@babel/helper-plugin-utils": "^7.14.5",
        "@babel/plugin-syntax-decorators": "^7.14.5"
      }
    },
    "@babel/plugin-syntax-decorators": {
      "version": "7.14.5",
      "resolved": "https://registry.nlark.com/@babel/plugin-syntax-decorators/download/@babel/plugin-syntax-decorators-7.14.5.tgz?cache=0&sync_timestamp=1623280421117&other_urls=https%3A%2F%2Fregistry.nlark.com%2F%40babel%2Fplugin-syntax-decorators%2Fdownload%2F%40babel%2Fplugin-syntax-decorators-7.14.5.tgz",
      "integrity": "sha1-6vucDL4JyK/rlkujp7vWOUWnLyA=",
      "dev": true,
      "requires": {
        "@babel/helper-plugin-utils": "^7.14.5"
      }
    },
    "@babel/runtime": {
      "version": "7.14.8",
      "resolved": "https://registry.nlark.com/@babel/runtime/download/@babel/runtime-7.14.8.tgz",
      "integrity": "sha1-cRmlb0IQGIUmlCkLn5FICXORtEY=",
      "requires": {
        "regenerator-runtime": "^0.13.4"
      }
    },
    "@babel/runtime-corejs3": {
      "version": "7.14.8",
      "resolved": "https://registry.nlark.com/@babel/runtime-corejs3/download/@babel/runtime-corejs3-7.14.8.tgz",
      "integrity": "sha1-aFOeASnxPrHtmpqic9NUK5PIg4Q=",
      "requires": {
        "core-js-pure": "^3.15.0",
        "regenerator-runtime": "^0.13.4"
      }
    },
    "@babel/template": {
      "version": "7.14.5",
      "resolved": "https://registry.nlark.com/@babel/template/download/@babel/template-7.14.5.tgz",
      "integrity": "sha1-qbydizM1T/blWpxg0RCSAKaJdPQ=",
      "dev": true,
      "requires": {
        "@babel/code-frame": "^7.14.5",
        "@babel/parser": "^7.14.5",
        "@babel/types": "^7.14.5"
      }
    },
    "@babel/traverse": {
      "version": "7.14.9",
      "resolved": "https://registry.nlark.com/@babel/traverse/download/@babel/traverse-7.14.9.tgz",
      "integrity": "sha1-AWEmszEhC/Bv/ynVKXHu+Dg+VW8=",
      "dev": true,
      "requires": {
        "@babel/code-frame": "^7.14.5",
        "@babel/generator": "^7.14.9",
        "@babel/helper-function-name": "^7.14.5",
        "@babel/helper-hoist-variables": "^7.14.5",
        "@babel/helper-split-export-declaration": "^7.14.5",
        "@babel/parser": "^7.14.9",
        "@babel/types": "^7.14.9",
        "debug": "^4.1.0",
        "globals": "^11.1.0"
      }
    },
    "@babel/types": {
      "version": "7.14.9",
      "resolved": "https://registry.nlark.com/@babel/types/download/@babel/types-7.14.9.tgz?cache=0&sync_timestamp=1627804536751&other_urls=https%3A%2F%2Fregistry.nlark.com%2F%40babel%2Ftypes%2Fdownload%2F%40babel%2Ftypes-7.14.9.tgz",
      "integrity": "sha1-8rGcPy93xXCNZ/6PYEbpzqK1A20=",
      "dev": true,
      "requires": {
        "@babel/helper-validator-identifier": "^7.14.9",
        "to-fast-properties": "^2.0.0"
      },
      "dependencies": {
        "@babel/helper-validator-identifier": {
          "version": "7.14.9",
          "resolved": "https://registry.nlark.com/@babel/helper-validator-identifier/download/@babel/helper-validator-identifier-7.14.9.tgz?cache=0&sync_timestamp=1627804430461&other_urls=https%3A%2F%2Fregistry.nlark.com%2F%40babel%2Fhelper-validator-identifier%2Fdownload%2F%40babel%2Fhelper-validator-identifier-7.14.9.tgz",
          "integrity": "sha1-ZlTRcbICT22O4VG/JQlpmRkTHUg=",
          "dev": true
        }
      }
    },
    "@jest/types": {
      "version": "26.6.2",
      "resolved": "https://registry.nlark.com/@jest/types/download/@jest/types-26.6.2.tgz?cache=0&sync_timestamp=1624900057884&other_urls=https%3A%2F%2Fregistry.nlark.com%2F%40jest%2Ftypes%2Fdownload%2F%40jest%2Ftypes-26.6.2.tgz",
      "integrity": "sha1-vvWlMgMOHYii9abZM/hOlyJu1I4=",
      "requires": {
        "@types/istanbul-lib-coverage": "^2.0.0",
        "@types/istanbul-reports": "^3.0.0",
        "@types/node": "*",
        "@types/yargs": "^15.0.0",
        "chalk": "^4.0.0"
      }
    },
    "@testing-library/dom": {
      "version": "7.31.2",
      "resolved": "https://registry.nlark.com/@testing-library/dom/download/@testing-library/dom-7.31.2.tgz?cache=0&sync_timestamp=1625148262846&other_urls=https%3A%2F%2Fregistry.nlark.com%2F%40testing-library%2Fdom%2Fdownload%2F%40testing-library%2Fdom-7.31.2.tgz",
      "integrity": "sha1-3zYds49SEriFVQaKuBGfXYQajEo=",
      "requires": {
        "@babel/code-frame": "^7.10.4",
        "@babel/runtime": "^7.12.5",
        "@types/aria-query": "^4.2.0",
        "aria-query": "^4.2.2",
        "chalk": "^4.1.0",
        "dom-accessibility-api": "^0.5.6",
        "lz-string": "^1.4.4",
        "pretty-format": "^26.6.2"
      }
    },
    "@testing-library/jest-dom": {
      "version": "5.14.1",
      "resolved": "https://registry.nlark.com/@testing-library/jest-dom/download/@testing-library/jest-dom-5.14.1.tgz?cache=0&sync_timestamp=1623430092237&other_urls=https%3A%2F%2Fregistry.nlark.com%2F%40testing-library%2Fjest-dom%2Fdownload%2F%40testing-library%2Fjest-dom-5.14.1.tgz",
      "integrity": "sha1-hQHhbx5VpV1nX+c+7O4yza3bl2Y=",
      "requires": {
        "@babel/runtime": "^7.9.2",
        "@types/testing-library__jest-dom": "^5.9.1",
        "aria-query": "^4.2.2",
        "chalk": "^3.0.0",
        "css": "^3.0.0",
        "css.escape": "^1.5.1",
        "dom-accessibility-api": "^0.5.6",
        "lodash": "^4.17.15",
        "redent": "^3.0.0"
      },
      "dependencies": {
        "chalk": {
          "version": "3.0.0",
          "resolved": "https://registry.nlark.com/chalk/download/chalk-3.0.0.tgz?cache=0&sync_timestamp=1618995367379&other_urls=https%3A%2F%2Fregistry.nlark.com%2Fchalk%2Fdownload%2Fchalk-3.0.0.tgz",
          "integrity": "sha1-P3PCv1JlkfV0zEksUeJFY0n4ROQ=",
          "requires": {
            "ansi-styles": "^4.1.0",
            "supports-color": "^7.1.0"
          }
        }
      }
    },
    "@testing-library/react": {
      "version": "11.2.7",
      "resolved": "https://registry.nlark.com/@testing-library/react/download/@testing-library/react-11.2.7.tgz",
      "integrity": "sha1-sp4ulcZ2XIFXhsC8HVrtnLK/eBg=",
      "requires": {
        "@babel/runtime": "^7.12.5",
        "@testing-library/dom": "^7.28.1"
      }
    },
    "@testing-library/user-event": {
      "version": "12.8.3",
      "resolved": "https://registry.nlark.com/@testing-library/user-event/download/@testing-library/user-event-12.8.3.tgz?cache=0&sync_timestamp=1627221816597&other_urls=https%3A%2F%2Fregistry.nlark.com%2F%40testing-library%2Fuser-event%2Fdownload%2F%40testing-library%2Fuser-event-12.8.3.tgz",
      "integrity": "sha1-GqPtS595NAoeGDa8f1fFAeg4cEo=",
      "requires": {
        "@babel/runtime": "^7.12.5"
      }
    },
    "@types/aria-query": {
      "version": "4.2.2",
      "resolved": "https://registry.nlark.com/@types/aria-query/download/@types/aria-query-4.2.2.tgz",
      "integrity": "sha1-7U4K2SMGpwT5+xMqDPz3dIbb4rw="
    },
    "@types/istanbul-lib-coverage": {
      "version": "2.0.3",
      "resolved": "https://registry.nlark.com/@types/istanbul-lib-coverage/download/@types/istanbul-lib-coverage-2.0.3.tgz",
      "integrity": "sha1-S6jdtyAiH0MuRDvV+RF/0iz9R2I="
    },
    "@types/istanbul-lib-report": {
      "version": "3.0.0",
      "resolved": "https://registry.nlark.com/@types/istanbul-lib-report/download/@types/istanbul-lib-report-3.0.0.tgz",
      "integrity": "sha1-wUwk8Y6oGQwRjudWK3/5mjZVJoY=",
      "requires": {
        "@types/istanbul-lib-coverage": "*"
      }
    },
    "@types/istanbul-reports": {
      "version": "3.0.1",
      "resolved": "https://registry.nlark.com/@types/istanbul-reports/download/@types/istanbul-reports-3.0.1.tgz?cache=0&sync_timestamp=1622582274460&other_urls=https%3A%2F%2Fregistry.nlark.com%2F%40types%2Fistanbul-reports%2Fdownload%2F%40types%2Fistanbul-reports-3.0.1.tgz",
      "integrity": "sha1-kVP+mLuivVZaY63ZQ21vDX+EaP8=",
      "requires": {
        "@types/istanbul-lib-report": "*"
      }
    },
    "@types/jest": {
      "version": "26.0.24",
      "resolved": "https://registry.nlark.com/@types/jest/download/@types/jest-26.0.24.tgz",
      "integrity": "sha1-lD0Rl2sWc5GFkToZNuDeDEp9WVo=",
      "requires": {
        "jest-diff": "^26.0.0",
        "pretty-format": "^26.0.0"
      }
    },
    "@types/node": {
      "version": "16.4.3",
      "resolved": "https://registry.nlark.com/@types/node/download/@types/node-16.4.3.tgz?cache=0&sync_timestamp=1627257813519&other_urls=https%3A%2F%2Fregistry.nlark.com%2F%40types%2Fnode%2Fdownload%2F%40types%2Fnode-16.4.3.tgz",
      "integrity": "sha1-wBwaIVch9t7HG0fYi0aHRjYBukg="
    },
    "@types/testing-library__jest-dom": {
      "version": "5.14.0",
      "resolved": "https://registry.nlark.com/@types/testing-library__jest-dom/download/@types/testing-library__jest-dom-5.14.0.tgz",
      "integrity": "sha1-mOt1N8tVArzKeg2CrPXyRaLmwyI=",
      "requires": {
        "@types/jest": "*"
      }
    },
    "@types/yargs": {
      "version": "15.0.14",
      "resolved": "https://registry.nlark.com/@types/yargs/download/@types/yargs-15.0.14.tgz",
      "integrity": "sha1-Jtgh3biecEkhYLZtEKDrbfj2+wY=",
      "requires": {
        "@types/yargs-parser": "*"
      }
    },
    "@types/yargs-parser": {
      "version": "20.2.1",
      "resolved": "https://registry.nlark.com/@types/yargs-parser/download/@types/yargs-parser-20.2.1.tgz",
      "integrity": "sha1-O5ziSJkZ2eT+pDm3aRarw0st8Sk="
    },
    "ansi-regex": {
      "version": "5.0.0",
      "resolved": "https://registry.npm.taobao.org/ansi-regex/download/ansi-regex-5.0.0.tgz",
      "integrity": "sha1-OIU59VF5vzkznIGvMKZU1p+Hy3U="
    },
    "ansi-styles": {
      "version": "4.3.0",
      "resolved": "https://registry.nlark.com/ansi-styles/download/ansi-styles-4.3.0.tgz",
      "integrity": "sha1-7dgDYornHATIWuegkG7a00tkiTc=",
      "requires": {
        "color-convert": "^2.0.1"
      }
    },
    "aria-query": {
      "version": "4.2.2",
      "resolved": "https://registry.npm.taobao.org/aria-query/download/aria-query-4.2.2.tgz",
      "integrity": "sha1-DSymyazrVriXfp/tau1+FbvS+Ds=",
      "requires": {
        "@babel/runtime": "^7.10.2",
        "@babel/runtime-corejs3": "^7.10.2"
      }
    },
    "atob": {
      "version": "2.1.2",
      "resolved": "https://registry.npm.taobao.org/atob/download/atob-2.1.2.tgz",
      "integrity": "sha1-bZUX654DDSQ2ZmZR6GvZ9vE1M8k="
    },
    "chalk": {
      "version": "4.1.1",
      "resolved": "https://registry.nlark.com/chalk/download/chalk-4.1.1.tgz?cache=0&sync_timestamp=1618995367379&other_urls=https%3A%2F%2Fregistry.nlark.com%2Fchalk%2Fdownload%2Fchalk-4.1.1.tgz",
      "integrity": "sha1-yAs/qyi/Y3HmhjMl7uZ+YYt35q0=",
      "requires": {
        "ansi-styles": "^4.1.0",
        "supports-color": "^7.1.0"
      }
    },
    "color-convert": {
      "version": "2.0.1",
      "resolved": "https://registry.npm.taobao.org/color-convert/download/color-convert-2.0.1.tgz",
      "integrity": "sha1-ctOmjVmMm9s68q0ehPIdiWq9TeM=",
      "requires": {
        "color-name": "~1.1.4"
      }
    },
    "color-name": {
      "version": "1.1.4",
      "resolved": "https://registry.npm.taobao.org/color-name/download/color-name-1.1.4.tgz",
      "integrity": "sha1-wqCah6y95pVD3m9j+jmVyCbFNqI="
    },
    "core-js-pure": {
      "version": "3.15.2",
      "resolved": "https://registry.nlark.com/core-js-pure/download/core-js-pure-3.15.2.tgz",
      "integrity": "sha1-yOCHSCJwXzOF0xl6+TSPfJri484="
    },
    "css": {
      "version": "3.0.0",
      "resolved": "https://registry.npm.taobao.org/css/download/css-3.0.0.tgz",
      "integrity": "sha1-REek1Y/dAzZ8UWyp9krjZc7kql0=",
      "requires": {
        "inherits": "^2.0.4",
        "source-map": "^0.6.1",
        "source-map-resolve": "^0.6.0"
      },
      "dependencies": {
        "source-map-resolve": {
          "version": "0.6.0",
          "resolved": "https://registry.npm.taobao.org/source-map-resolve/download/source-map-resolve-0.6.0.tgz",
          "integrity": "sha1-PZ34fiNrU/FtAeWBUPx3EROOXtI=",
          "requires": {
            "atob": "^2.1.2",
            "decode-uri-component": "^0.2.0"
          }
        }
      }
    },
    "css.escape": {
      "version": "1.5.1",
      "resolved": "https://registry.npm.taobao.org/css.escape/download/css.escape-1.5.1.tgz",
      "integrity": "sha1-QuJ9T6BK4y+TGktNQZH6nN3ul8s="
    },
    "customize-cra": {
      "version": "1.0.0",
      "resolved": "https://registry.npm.taobao.org/customize-cra/download/customize-cra-1.0.0.tgz",
      "integrity": "sha1-cyhlY2MaoIEnrU0wouPInPTpPI0=",
      "dev": true,
      "requires": {
        "lodash.flow": "^3.5.0"
      }
    },
    "debug": {
      "version": "4.3.2",
      "resolved": "https://registry.nlark.com/debug/download/debug-4.3.2.tgz?cache=0&sync_timestamp=1625374648057&other_urls=https%3A%2F%2Fregistry.nlark.com%2Fdebug%2Fdownload%2Fdebug-4.3.2.tgz",
      "integrity": "sha1-8KScGKyHeeMdSgxgKd+3aHPHQos=",
      "dev": true,
      "requires": {
        "ms": "2.1.2"
      }
    },
    "decode-uri-component": {
      "version": "0.2.0",
      "resolved": "https://registry.npm.taobao.org/decode-uri-component/download/decode-uri-component-0.2.0.tgz",
      "integrity": "sha1-6zkTMzRYd1y4TNGh+uBiEGu4dUU="
    },
    "diff-sequences": {
      "version": "26.6.2",
      "resolved": "https://registry.nlark.com/diff-sequences/download/diff-sequences-26.6.2.tgz?cache=0&sync_timestamp=1624900057366&other_urls=https%3A%2F%2Fregistry.nlark.com%2Fdiff-sequences%2Fdownload%2Fdiff-sequences-26.6.2.tgz",
      "integrity": "sha1-SLqZFX3hkjQS7tQdtrbUqpynwLE="
    },
    "dom-accessibility-api": {
      "version": "0.5.6",
      "resolved": "https://registry.nlark.com/dom-accessibility-api/download/dom-accessibility-api-0.5.6.tgz?cache=0&sync_timestamp=1622711991060&other_urls=https%3A%2F%2Fregistry.nlark.com%2Fdom-accessibility-api%2Fdownload%2Fdom-accessibility-api-0.5.6.tgz",
      "integrity": "sha1-P11DtSx6O9aLX7Y/pHtOTB/fZak="
    },
    "globals": {
      "version": "11.12.0",
      "resolved": "https://registry.nlark.com/globals/download/globals-11.12.0.tgz?cache=0&sync_timestamp=1625655787416&other_urls=https%3A%2F%2Fregistry.nlark.com%2Fglobals%2Fdownload%2Fglobals-11.12.0.tgz",
      "integrity": "sha1-q4eVM4hooLq9hSV1gBjCp+uVxC4=",
      "dev": true
    },
    "has-flag": {
      "version": "3.0.0",
      "resolved": "https://registry.nlark.com/has-flag/download/has-flag-3.0.0.tgz?cache=0&sync_timestamp=1626715907927&other_urls=https%3A%2F%2Fregistry.nlark.com%2Fhas-flag%2Fdownload%2Fhas-flag-3.0.0.tgz",
      "integrity": "sha1-tdRU3CGZriJWmfNGfloH87lVuv0="
    },
    "indent-string": {
      "version": "4.0.0",
      "resolved": "https://registry.npm.taobao.org/indent-string/download/indent-string-4.0.0.tgz?cache=0&sync_timestamp=1618679561483&other_urls=https%3A%2F%2Fregistry.npm.taobao.org%2Findent-string%2Fdownload%2Findent-string-4.0.0.tgz",
      "integrity": "sha1-Yk+PRJfWGbLZdoUx1Y9BIoVNclE="
    },
    "inherits": {
      "version": "2.0.4",
      "resolved": "https://registry.npm.taobao.org/inherits/download/inherits-2.0.4.tgz?cache=0&other_urls=https%3A%2F%2Fregistry.npm.taobao.org%2Finherits%2Fdownload%2Finherits-2.0.4.tgz",
      "integrity": "sha1-D6LGT5MpF8NDOg3tVTY6rjdBa3w="
    },
    "jest-diff": {
      "version": "26.6.2",
      "resolved": "https://registry.nlark.com/jest-diff/download/jest-diff-26.6.2.tgz",
      "integrity": "sha1-GqdGi1LDpo19XF/c381eSb0WQ5Q=",
      "requires": {
        "chalk": "^4.0.0",
        "diff-sequences": "^26.6.2",
        "jest-get-type": "^26.3.0",
        "pretty-format": "^26.6.2"
      }
    },
    "jest-get-type": {
      "version": "26.3.0",
      "resolved": "https://registry.nlark.com/jest-get-type/download/jest-get-type-26.3.0.tgz?cache=0&sync_timestamp=1624900056951&other_urls=https%3A%2F%2Fregistry.nlark.com%2Fjest-get-type%2Fdownload%2Fjest-get-type-26.3.0.tgz",
      "integrity": "sha1-6X3Dw/U8K0Bsp6+u1Ek7HQmRmeA="
    },
    "js-tokens": {
      "version": "4.0.0",
      "resolved": "https://registry.nlark.com/js-tokens/download/js-tokens-4.0.0.tgz?cache=0&sync_timestamp=1619345098261&other_urls=https%3A%2F%2Fregistry.nlark.com%2Fjs-tokens%2Fdownload%2Fjs-tokens-4.0.0.tgz",
      "integrity": "sha1-GSA/tZmR35jjoocFDUZHzerzJJk="
    },
    "jsesc": {
      "version": "2.5.2",
      "resolved": "https://registry.npm.taobao.org/jsesc/download/jsesc-2.5.2.tgz?cache=0&sync_timestamp=1603891198638&other_urls=https%3A%2F%2Fregistry.npm.taobao.org%2Fjsesc%2Fdownload%2Fjsesc-2.5.2.tgz",
      "integrity": "sha1-gFZNLkg9rPbo7yCWUKZ98/DCg6Q=",
      "dev": true
    },
    "lodash": {
      "version": "4.17.21",
      "resolved": "https://registry.npm.taobao.org/lodash/download/lodash-4.17.21.tgz?cache=0&sync_timestamp=1613835860585&other_urls=https%3A%2F%2Fregistry.npm.taobao.org%2Flodash%2Fdownload%2Flodash-4.17.21.tgz",
      "integrity": "sha1-Z5WRxWTDv/quhFTPCz3zcMPWkRw="
    },
    "lodash.flow": {
      "version": "3.5.0",
      "resolved": "https://registry.npm.taobao.org/lodash.flow/download/lodash.flow-3.5.0.tgz",
      "integrity": "sha1-h79AKSuM+D5OjOGjrkIJ4gBxZ1o=",
      "dev": true
    },
    "loose-envify": {
      "version": "1.4.0",
      "resolved": "https://registry.npm.taobao.org/loose-envify/download/loose-envify-1.4.0.tgz",
      "integrity": "sha1-ce5R+nvkyuwaY4OffmgtgTLTDK8=",
      "requires": {
        "js-tokens": "^3.0.0 || ^4.0.0"
      }
    },
    "lz-string": {
      "version": "1.4.4",
      "resolved": "https://registry.npm.taobao.org/lz-string/download/lz-string-1.4.4.tgz",
      "integrity": "sha1-wNjq82BZ9wV5bh40SBHPTEmNOiY="
    },
    "min-indent": {
      "version": "1.0.1",
      "resolved": "https://registry.npm.taobao.org/min-indent/download/min-indent-1.0.1.tgz",
      "integrity": "sha1-pj9oFnOzBXH76LwlaGrnRu76mGk="
    },
    "ms": {
      "version": "2.1.2",
      "resolved": "https://registry.npm.taobao.org/ms/download/ms-2.1.2.tgz?cache=0&sync_timestamp=1607433905701&other_urls=https%3A%2F%2Fregistry.npm.taobao.org%2Fms%2Fdownload%2Fms-2.1.2.tgz",
      "integrity": "sha1-0J0fNXtEP0kzgqjrPM0YOHKuYAk=",
      "dev": true
    },
    "object-assign": {
      "version": "4.1.1",
      "resolved": "https://registry.npm.taobao.org/object-assign/download/object-assign-4.1.1.tgz",
      "integrity": "sha1-IQmtx5ZYh8/AXLvUQsrIv7s2CGM="
    },
    "pretty-format": {
      "version": "26.6.2",
      "resolved": "https://registry.nlark.com/pretty-format/download/pretty-format-26.6.2.tgz",
      "integrity": "sha1-41wnBfFMt/4v6U+geDRbREEg/JM=",
      "requires": {
        "@jest/types": "^26.6.2",
        "ansi-regex": "^5.0.0",
        "ansi-styles": "^4.0.0",
        "react-is": "^17.0.1"
      },
      "dependencies": {
        "react-is": {
          "version": "17.0.2",
          "resolved": "https://registry.nlark.com/react-is/download/react-is-17.0.2.tgz",
          "integrity": "sha1-5pHUqOnHiTZWVVOas3J2Kw77VPA="
        }
      }
    },
    "prop-types": {
      "version": "15.7.2",
      "resolved": "https://registry.npm.taobao.org/prop-types/download/prop-types-15.7.2.tgz",
      "integrity": "sha1-UsQedbjIfnK52TYOAga5ncv/psU=",
      "requires": {
        "loose-envify": "^1.4.0",
        "object-assign": "^4.1.1",
        "react-is": "^16.8.1"
      }
    },
    "react": {
      "version": "16.14.0",
      "resolved": "https://registry.nlark.com/react/download/react-16.14.0.tgz?cache=0&sync_timestamp=1627056961584&other_urls=https%3A%2F%2Fregistry.nlark.com%2Freact%2Fdownload%2Freact-16.14.0.tgz",
      "integrity": "sha1-lNd23dCqo32j7aj8W2sYpMmjEU0=",
      "requires": {
        "loose-envify": "^1.1.0",
        "object-assign": "^4.1.1",
        "prop-types": "^15.6.2"
      }
    },
    "react-app-rewired": {
      "version": "2.1.8",
      "resolved": "https://registry.npm.taobao.org/react-app-rewired/download/react-app-rewired-2.1.8.tgz",
      "integrity": "sha1-4ZL5O5ja+WiJQY0z0+hs+GOBK1Y=",
      "dev": true,
      "requires": {
        "semver": "^5.6.0"
      },
      "dependencies": {
        "semver": {
          "version": "5.7.1",
          "resolved": "https://registry.npm.taobao.org/semver/download/semver-5.7.1.tgz?cache=0&sync_timestamp=1616463603361&other_urls=https%3A%2F%2Fregistry.npm.taobao.org%2Fsemver%2Fdownload%2Fsemver-5.7.1.tgz",
          "integrity": "sha1-qVT5Ma66UI0we78Gnv8MAclhFvc=",
          "dev": true
        }
      }
    },
    "react-is": {
      "version": "16.13.1",
      "resolved": "https://registry.nlark.com/react-is/download/react-is-16.13.1.tgz",
      "integrity": "sha1-eJcppNw23imZ3BVt1sHZwYzqVqQ="
    },
    "redent": {
      "version": "3.0.0",
      "resolved": "https://registry.nlark.com/redent/download/redent-3.0.0.tgz",
      "integrity": "sha1-5Ve3mYMWu1PJ8fVvpiY1LGljBZ8=",
      "requires": {
        "indent-string": "^4.0.0",
        "strip-indent": "^3.0.0"
      }
    },
    "regenerator-runtime": {
      "version": "0.13.9",
      "resolved": "https://registry.nlark.com/regenerator-runtime/download/regenerator-runtime-0.13.9.tgz?cache=0&sync_timestamp=1626993001371&other_urls=https%3A%2F%2Fregistry.nlark.com%2Fregenerator-runtime%2Fdownload%2Fregenerator-runtime-0.13.9.tgz",
      "integrity": "sha1-iSV0Kpj/2QgUmI11Zq0wyjsmO1I="
    },
    "source-map": {
      "version": "0.6.1",
      "resolved": "https://registry.npm.taobao.org/source-map/download/source-map-0.6.1.tgz",
      "integrity": "sha1-dHIq8y6WFOnCh6jQu95IteLxomM="
    },
    "strip-indent": {
      "version": "3.0.0",
      "resolved": "https://registry.nlark.com/strip-indent/download/strip-indent-3.0.0.tgz",
      "integrity": "sha1-wy4c7pQLazQyx3G8LFS8znPNMAE=",
      "requires": {
        "min-indent": "^1.0.0"
      }
    },
    "supports-color": {
      "version": "7.2.0",
      "resolved": "https://registry.nlark.com/supports-color/download/supports-color-7.2.0.tgz",
      "integrity": "sha1-G33NyzK4E4gBs+R4umpRyqiWSNo=",
      "requires": {
        "has-flag": "^4.0.0"
      },
      "dependencies": {
        "has-flag": {
          "version": "4.0.0",
          "resolved": "https://registry.nlark.com/has-flag/download/has-flag-4.0.0.tgz?cache=0&sync_timestamp=1626715907927&other_urls=https%3A%2F%2Fregistry.nlark.com%2Fhas-flag%2Fdownload%2Fhas-flag-4.0.0.tgz",
          "integrity": "sha1-lEdx/ZyByBJlxNaUGGDaBrtZR5s="
        }
      }
    },
    "to-fast-properties": {
      "version": "2.0.0",
      "resolved": "https://registry.npm.taobao.org/to-fast-properties/download/to-fast-properties-2.0.0.tgz",
      "integrity": "sha1-3F5pjL0HkmW8c+A3doGk5Og/YW4=",
      "dev": true
    },
    "web-vitals": {
      "version": "1.1.2",
      "resolved": "https://registry.nlark.com/web-vitals/download/web-vitals-1.1.2.tgz",
      "integrity": "sha1-BlNTCBaJhgliOaqEcW5otMaubRw="
    }
  }
}
